PODS:
  - Capacitor (3.2.4):
    - CapacitorCordova
  - CapacitorCordova (3.2.4)
  - mParticle-Apple-SDK (8.8.0):
    - mParticle-Apple-SDK/mParticle (= 8.8.0)
  - mParticle-Apple-SDK/mParticle (8.8.0)

DEPENDENCIES:
  - "Capacitor (from `../node_modules/@capacitor/ios`)"
  - "CapacitorCordova (from `../node_modules/@capacitor/ios`)"
  - mParticle-Apple-SDK (~> 8.8)

SPEC REPOS:
  trunk:
    - mParticle-Apple-SDK

EXTERNAL SOURCES:
  Capacitor:
    :path: "../node_modules/@capacitor/ios"
  CapacitorCordova:
    :path: "../node_modules/@capacitor/ios"

SPEC CHECKSUMS:
  Capacitor: 07f746722420584674243fe6bb2e02d243a02a08
  CapacitorCordova: 16f118e79d7c20eb659565b1ed9133e2b730f747
  mParticle-Apple-SDK: fbef6ad9fe5e418d60ee57b7b0ccb5117672c585

PODFILE CHECKSUM: fcf37290a0f0e8b534cd2ae2d505a4dee2610e88

COCOAPODS: 1.11.3
